{
  "version": "5",
  "specifiers": {
    "jsr:@marianmeres/condition-builder@^1.9.0": "1.9.0",
    "jsr:@std/assert@^1.0.16": "1.0.16",
    "jsr:@std/internal@^1.0.12": "1.0.12"
  },
  "jsr": {
    "@marianmeres/condition-builder@1.9.0": {
      "integrity": "999a9945eb5a48d0ed928a0320cd2a286cd0b20134d519a504b08c2d485775ce"
    },
    "@std/assert@1.0.16": {
      "integrity": "6a7272ed1eaa77defe76e5ff63ca705d9c495077e2d5fd0126d2b53fc5bd6532",
      "dependencies": [
        "jsr:@std/internal"
      ]
    },
    "@std/internal@1.0.12": {
      "integrity": "972a634fd5bc34b242024402972cd5143eac68d8dffaca5eaa4dba30ce17b027"
    }
  },
  "workspace": {
    "dependencies": [
      "jsr:@marianmeres/condition-builder@^1.9.0",
      "jsr:@std/assert@^1.0.16"
    ]
  }
}
